// !$*UTF8*$!
{
	archiveVersion = 1;
	classes = {
	};
	objectVersion = 56;
	objects = {

/* Begin PBXBuildFile section */
		0585150837E83BBEFF66C6D8 /* TunnelManager.swift in Sources */ = {isa = PBXBuildFile; fileRef = 3B40AB00431F1FB388150E9D /* TunnelManager.swift */; };
		3A8B61993B1664C4281D131B /* WGQuickParser.swift in Sources */ = {isa = PBXBuildFile; fileRef = CC8A41EDEC5B682C6B107DF7 /* WGQuickParser.swift */; };
		5720763A6CD298B8DE379E20 /* WireGuardKit in Frameworks */ = {isa = PBXBuildFile; productRef = EEEC78E0FAFF0B201A578372 /* WireGuardKit */; };
		66717A4D10A895A12DF40975 /* PacketTunnelProvider.swift in Sources */ = {isa = PBXBuildFile; fileRef = 4989A0E27DF870FF283F3606 /* PacketTunnelProvider.swift */; };
		7B1E1F8C487F60C0DFA390DB /* ConceptsOSWGTunnel.appex in Embed App Extensions */ = {isa = PBXBuildFile; fileRef = 76AB08872FC7A9B36F7FCD7A /* ConceptsOSWGTunnel.appex */; settings = {ATTRIBUTES = (RemoveHeadersOnCopy, ); }; };
		A100000000000000000000A1 /* ConceptsOSApp.swift in Sources */ = {isa = PBXBuildFile; fileRef = B100000000000000000000A1 /* ConceptsOSApp.swift */; };
		A100000000000000000000A2 /* ContentView.swift in Sources */ = {isa = PBXBuildFile; fileRef = B100000000000000000000A2 /* ContentView.swift */; };
		A100000000000000000000A3 /* WebView.swift in Sources */ = {isa = PBXBuildFile; fileRef = B100000000000000000000A3 /* WebView.swift */; };
		A100000000000000000000A4 /* Assets.xcassets in Resources */ = {isa = PBXBuildFile; fileRef = B100000000000000000000A4 /* Assets.xcassets */; };
		A100000000000000000000A5 /* Preview Assets.xcassets in Resources */ = {isa = PBXBuildFile; fileRef = B100000000000000000000A5 /* Preview Assets.xcassets */; };
		A100000000000000000000B1 /* AppConfig.swift in Sources */ = {isa = PBXBuildFile; fileRef = B100000000000000000000B1 /* AppConfig.swift */; };
		A100000000000000000000B2 /* VMStateStore.swift in Sources */ = {isa = PBXBuildFile; fileRef = B100000000000000000000B2 /* VMStateStore.swift */; };
		A100000000000000000000B3 /* AuthManager.swift in Sources */ = {isa = PBXBuildFile; fileRef = B100000000000000000000B3 /* AuthManager.swift */; };
		A100000000000000000000B4 /* Nonce.swift in Sources */ = {isa = PBXBuildFile; fileRef = B100000000000000000000B4 /* Nonce.swift */; };
		A100000000000000000000B5 /* SessionStorage.swift in Sources */ = {isa = PBXBuildFile; fileRef = B100000000000000000000B5 /* SessionStorage.swift */; };
		A100000000000000000000B6 /* ConceptsAPI.swift in Sources */ = {isa = PBXBuildFile; fileRef = B100000000000000000000B6 /* ConceptsAPI.swift */; };
		A100000000000000000000B7 /* WireGuardKeys.swift in Sources */ = {isa = PBXBuildFile; fileRef = B100000000000000000000B7 /* WireGuardKeys.swift */; };
		A100000000000000000000B8 /* WelcomeView.swift in Sources */ = {isa = PBXBuildFile; fileRef = B100000000000000000000B8 /* WelcomeView.swift */; };
		A100000000000000000000B9 /* ProvisioningView.swift in Sources */ = {isa = PBXBuildFile; fileRef = B100000000000000000000B9 /* ProvisioningView.swift */; };
		A100000000000000000000BB /* WebAppView.swift in Sources */ = {isa = PBXBuildFile; fileRef = B100000000000000000000BB /* WebAppView.swift */; };
		C72ADEAE5D9A79DBCA5AD1A6 /* WGQuickParser.swift in Sources */ = {isa = PBXBuildFile; fileRef = CC8A41EDEC5B682C6B107DF7 /* WGQuickParser.swift */; };
		DCA2740DE186A1021288FD4A /* WireGuardKit in Frameworks */ = {isa = PBXBuildFile; productRef = 631DA886C8AAAF34B6195A8F /* WireGuardKit */; };
		F0078C6789CAB9F7DAB81A7F /* InstallTunnelView.swift in Sources */ = {isa = PBXBuildFile; fileRef = C130EE2B5650CBCE289745D2 /* InstallTunnelView.swift */; };
/* End PBXBuildFile section */

/* Begin PBXContainerItemProxy section */
		5C85A366446FC6F77C84EA11 /* PBXContainerItemProxy */ = {
			isa = PBXContainerItemProxy;
			containerPortal = E100000000000000000000A0 /* Project object */;
			proxyType = 1;
			remoteGlobalIDString = 09FBA522F8C0E52C629E947A;
			remoteInfo = ConceptsOSWGTunnel;
		};
/* End PBXContainerItemProxy section */

/* Begin PBXCopyFilesBuildPhase section */
		A63390702CA3D90B8212B762 /* Embed App Extensions */ = {
			isa = PBXCopyFilesBuildPhase;
			buildActionMask = 2147483647;
			dstPath = "";
			dstSubfolderSpec = 13;
			files = (
				7B1E1F8C487F60C0DFA390DB /* ConceptsOSWGTunnel.appex in Embed App Extensions */,
			);
			name = "Embed App Extensions";
			runOnlyForDeploymentPostprocessing = 0;
		};
/* End PBXCopyFilesBuildPhase section */

/* Begin PBXFileReference section */
		34FFEA5C267E844DF7675150 /* ConceptsOSWGTunnel.entitlements */ = {isa = PBXFileReference; includeInIndex = 1; lastKnownFileType = text.plist.xml; path = ConceptsOSWGTunnel.entitlements; sourceTree = "<group>"; };
		3B40AB00431F1FB388150E9D /* TunnelManager.swift */ = {isa = PBXFileReference; includeInIndex = 1; lastKnownFileType = sourcecode.swift; path = TunnelManager.swift; sourceTree = "<group>"; };
		4989A0E27DF870FF283F3606 /* PacketTunnelProvider.swift */ = {isa = PBXFileReference; includeInIndex = 1; lastKnownFileType = sourcecode.swift; path = PacketTunnelProvider.swift; sourceTree = "<group>"; };
		6E60F6C6B72B7ADE0CE05F61 /* Info.plist */ = {isa = PBXFileReference; includeInIndex = 1; lastKnownFileType = text.plist.xml; path = Info.plist; sourceTree = "<group>"; };
		76AB08872FC7A9B36F7FCD7A /* ConceptsOSWGTunnel.appex */ = {isa = PBXFileReference; explicitFileType = "wrapper.app-extension"; includeInIndex = 0; path = ConceptsOSWGTunnel.appex; sourceTree = BUILT_PRODUCTS_DIR; };
		B000000000000000000000A0 /* ConceptsOS.app */ = {isa = PBXFileReference; explicitFileType = wrapper.application; includeInIndex = 0; path = ConceptsOS.app; sourceTree = BUILT_PRODUCTS_DIR; };
		B100000000000000000000A1 /* ConceptsOSApp.swift */ = {isa = PBXFileReference; lastKnownFileType = sourcecode.swift; path = ConceptsOSApp.swift; sourceTree = "<group>"; };
		B100000000000000000000A2 /* ContentView.swift */ = {isa = PBXFileReference; lastKnownFileType = sourcecode.swift; path = ContentView.swift; sourceTree = "<group>"; };
		B100000000000000000000A3 /* WebView.swift */ = {isa = PBXFileReference; lastKnownFileType = sourcecode.swift; path = WebView.swift; sourceTree = "<group>"; };
		B100000000000000000000A4 /* Assets.xcassets */ = {isa = PBXFileReference; lastKnownFileType = folder.assetcatalog; path = Assets.xcassets; sourceTree = "<group>"; };
		B100000000000000000000A5 /* Preview Assets.xcassets */ = {isa = PBXFileReference; lastKnownFileType = folder.assetcatalog; path = "Preview Assets.xcassets"; sourceTree = "<group>"; };
		B100000000000000000000A6 /* Info.plist */ = {isa = PBXFileReference; lastKnownFileType = text.plist.xml; path = Info.plist; sourceTree = "<group>"; };
		B100000000000000000000A7 /* ConceptsOS.entitlements */ = {isa = PBXFileReference; lastKnownFileType = text.plist.entitlements; path = ConceptsOS.entitlements; sourceTree = "<group>"; };
		B100000000000000000000B1 /* AppConfig.swift */ = {isa = PBXFileReference; lastKnownFileType = sourcecode.swift; path = AppConfig.swift; sourceTree = "<group>"; };
		B100000000000000000000B2 /* VMStateStore.swift */ = {isa = PBXFileReference; lastKnownFileType = sourcecode.swift; path = VMStateStore.swift; sourceTree = "<group>"; };
		B100000000000000000000B3 /* AuthManager.swift */ = {isa = PBXFileReference; lastKnownFileType = sourcecode.swift; path = AuthManager.swift; sourceTree = "<group>"; };
		B100000000000000000000B4 /* Nonce.swift */ = {isa = PBXFileReference; lastKnownFileType = sourcecode.swift; path = Nonce.swift; sourceTree = "<group>"; };
		B100000000000000000000B5 /* SessionStorage.swift */ = {isa = PBXFileReference; lastKnownFileType = sourcecode.swift; path = SessionStorage.swift; sourceTree = "<group>"; };
		B100000000000000000000B6 /* ConceptsAPI.swift */ = {isa = PBXFileReference; lastKnownFileType = sourcecode.swift; path = ConceptsAPI.swift; sourceTree = "<group>"; };
		B100000000000000000000B7 /* WireGuardKeys.swift */ = {isa = PBXFileReference; lastKnownFileType = sourcecode.swift; path = WireGuardKeys.swift; sourceTree = "<group>"; };
		B100000000000000000000B8 /* WelcomeView.swift */ = {isa = PBXFileReference; lastKnownFileType = sourcecode.swift; path = WelcomeView.swift; sourceTree = "<group>"; };
		B100000000000000000000B9 /* ProvisioningView.swift */ = {isa = PBXFileReference; lastKnownFileType = sourcecode.swift; path = ProvisioningView.swift; sourceTree = "<group>"; };
		B100000000000000000000BB /* WebAppView.swift */ = {isa = PBXFileReference; lastKnownFileType = sourcecode.swift; path = WebAppView.swift; sourceTree = "<group>"; };
		C130EE2B5650CBCE289745D2 /* InstallTunnelView.swift */ = {isa = PBXFileReference; includeInIndex = 1; lastKnownFileType = sourcecode.swift; path = InstallTunnelView.swift; sourceTree = "<group>"; };
		CC8A41EDEC5B682C6B107DF7 /* WGQuickParser.swift */ = {isa = PBXFileReference; includeInIndex = 1; lastKnownFileType = sourcecode.swift; path = WGQuickParser.swift; sourceTree = "<group>"; };
/* End PBXFileReference section */

/* Begin PBXFrameworksBuildPhase section */
		02272EBA268D3ECA70F87FAD /* Frameworks */ = {
			isa = PBXFrameworksBuildPhase;
			buildActionMask = 2147483647;
			files = (
				5720763A6CD298B8DE379E20 /* WireGuardKit in Frameworks */,
			);
			runOnlyForDeploymentPostprocessing = 0;
		};
		C000000000000000000000A0 /* Frameworks */ = {
			isa = PBXFrameworksBuildPhase;
			buildActionMask = 2147483647;
			files = (
				DCA2740DE186A1021288FD4A /* WireGuardKit in Frameworks */,
			);
			runOnlyForDeploymentPostprocessing = 0;
		};
/* End PBXFrameworksBuildPhase section */

/* Begin PBXGroup section */
		3CD648920CB244267BE65A28 /* ConceptsOSWGTunnel */ = {
			isa = PBXGroup;
			children = (
				4989A0E27DF870FF283F3606 /* PacketTunnelProvider.swift */,
				6E60F6C6B72B7ADE0CE05F61 /* Info.plist */,
				34FFEA5C267E844DF7675150 /* ConceptsOSWGTunnel.entitlements */,
			);
			name = ConceptsOSWGTunnel;
			path = ConceptsOSWGTunnel;
			sourceTree = "<group>";
		};
		6977E51691380FA9129BCF6A /* Frameworks */ = {
			isa = PBXGroup;
			children = (
				DF13A61F380AE24A4871BD64 /* iOS */,
			);
			name = Frameworks;
			sourceTree = "<group>";
		};
		D000000000000000000000A0 = {
			isa = PBXGroup;
			children = (
				D000000000000000000000A1 /* ConceptsOS */,
				D000000000000000000000A2 /* Products */,
				6977E51691380FA9129BCF6A /* Frameworks */,
				3CD648920CB244267BE65A28 /* ConceptsOSWGTunnel */,
			);
			sourceTree = "<group>";
		};
		D000000000000000000000A1 /* ConceptsOS */ = {
			isa = PBXGroup;
			children = (
				B100000000000000000000A1 /* ConceptsOSApp.swift */,
				B100000000000000000000A2 /* ContentView.swift */,
				B100000000000000000000A3 /* WebView.swift */,
				B100000000000000000000B1 /* AppConfig.swift */,
				B100000000000000000000B2 /* VMStateStore.swift */,
				D000000000000000000000B0 /* Auth */,
				D000000000000000000000B1 /* API */,
				D000000000000000000000B2 /* WireGuard */,
				D000000000000000000000B3 /* Views */,
				B100000000000000000000A4 /* Assets.xcassets */,
				B100000000000000000000A6 /* Info.plist */,
				B100000000000000000000A7 /* ConceptsOS.entitlements */,
				D000000000000000000000A3 /* Preview Content */,
			);
			path = ConceptsOS;
			sourceTree = "<group>";
		};
		D000000000000000000000A2 /* Products */ = {
			isa = PBXGroup;
			children = (
				B000000000000000000000A0 /* ConceptsOS.app */,
				76AB08872FC7A9B36F7FCD7A /* ConceptsOSWGTunnel.appex */,
			);
			name = Products;
			sourceTree = "<group>";
		};
		D000000000000000000000A3 /* Preview Content */ = {
			isa = PBXGroup;
			children = (
				B100000000000000000000A5 /* Preview Assets.xcassets */,
			);
			path = "Preview Content";
			sourceTree = "<group>";
		};
		D000000000000000000000B0 /* Auth */ = {
			isa = PBXGroup;
			children = (
				B100000000000000000000B3 /* AuthManager.swift */,
				B100000000000000000000B4 /* Nonce.swift */,
				B100000000000000000000B5 /* SessionStorage.swift */,
			);
			path = Auth;
			sourceTree = "<group>";
		};
		D000000000000000000000B1 /* API */ = {
			isa = PBXGroup;
			children = (
				B100000000000000000000B6 /* ConceptsAPI.swift */,
			);
			path = API;
			sourceTree = "<group>";
		};
		D000000000000000000000B2 /* WireGuard */ = {
			isa = PBXGroup;
			children = (
				B100000000000000000000B7 /* WireGuardKeys.swift */,
				3B40AB00431F1FB388150E9D /* TunnelManager.swift */,
				CC8A41EDEC5B682C6B107DF7 /* WGQuickParser.swift */,
			);
			path = WireGuard;
			sourceTree = "<group>";
		};
		D000000000000000000000B3 /* Views */ = {
			isa = PBXGroup;
			children = (
				B100000000000000000000B8 /* WelcomeView.swift */,
				B100000000000000000000B9 /* ProvisioningView.swift */,
				B100000000000000000000BB /* WebAppView.swift */,
				C130EE2B5650CBCE289745D2 /* InstallTunnelView.swift */,
			);
			path = Views;
			sourceTree = "<group>";
		};
		DF13A61F380AE24A4871BD64 /* iOS */ = {
			isa = PBXGroup;
			children = (
			);
			name = iOS;
			sourceTree = "<group>";
		};
/* End PBXGroup section */

/* Begin PBXNativeTarget section */
		09FBA522F8C0E52C629E947A /* ConceptsOSWGTunnel */ = {
			isa = PBXNativeTarget;
			buildConfigurationList = CA678BBBC9EB15211693B54A /* Build configuration list for PBXNativeTarget "ConceptsOSWGTunnel" */;
			buildPhases = (
				1044549BD4B89CFFB763E6FC /* Build wireguard-go-bridge */,
				8F8075FB896D4DBA27849A4A /* Sources */,
				02272EBA268D3ECA70F87FAD /* Frameworks */,
				91629C063612AEA4D17143EF /* Resources */,
			);
			buildRules = (
			);
			dependencies = (
			);
			name = ConceptsOSWGTunnel;
			packageProductDependencies = (
				EEEC78E0FAFF0B201A578372 /* WireGuardKit */,
			);
			productName = ConceptsOSWGTunnel;
			productReference = 76AB08872FC7A9B36F7FCD7A /* ConceptsOSWGTunnel.appex */;
			productType = "com.apple.product-type.app-extension";
		};
		E000000000000000000000A0 /* ConceptsOS */ = {
			isa = PBXNativeTarget;
			buildConfigurationList = F000000000000000000000A2 /* Build configuration list for PBXNativeTarget "ConceptsOS" */;
			buildPhases = (
				F000000000000000000000A5 /* Sources */,
				C000000000000000000000A0 /* Frameworks */,
				F000000000000000000000A6 /* Resources */,
				A63390702CA3D90B8212B762 /* Embed App Extensions */,
			);
			buildRules = (
			);
			dependencies = (
				525ADDF5DDC4B93FD6F4A2B0 /* PBXTargetDependency */,
			);
			name = ConceptsOS;
			packageProductDependencies = (
				631DA886C8AAAF34B6195A8F /* WireGuardKit */,
			);
			productName = ConceptsOS;
			productReference = B000000000000000000000A0 /* ConceptsOS.app */;
			productType = "com.apple.product-type.application";
		};
/* End PBXNativeTarget section */

/* Begin PBXProject section */
		E100000000000000000000A0 /* Project object */ = {
			isa = PBXProject;
			attributes = {
				BuildIndependentTargetsInParallel = 1;
				LastSwiftUpdateCheck = 1500;
				LastUpgradeCheck = 1500;
				TargetAttributes = {
					E000000000000000000000A0 = {
						CreatedOnToolsVersion = 15.0;
					};
				};
			};
			buildConfigurationList = F000000000000000000000A1 /* Build configuration list for PBXProject "ConceptsOS" */;
			compatibilityVersion = "Xcode 14.0";
			developmentRegion = en;
			hasScannedForEncodings = 0;
			knownRegions = (
				en,
				Base,
			);
			mainGroup = D000000000000000000000A0;
			packageReferences = (
				E78F8EF50CB1F5D3E114A912 /* XCRemoteSwiftPackageReference "wireguard-apple" */,
			);
			productRefGroup = D000000000000000000000A2 /* Products */;
			projectDirPath = "";
			projectRoot = "";
			targets = (
				E000000000000000000000A0 /* ConceptsOS */,
				09FBA522F8C0E52C629E947A /* ConceptsOSWGTunnel */,
			);
		};
/* End PBXProject section */

/* Begin PBXResourcesBuildPhase section */
		91629C063612AEA4D17143EF /* Resources */ = {
			isa = PBXResourcesBuildPhase;
			buildActionMask = 2147483647;
			files = (
			);
			runOnlyForDeploymentPostprocessing = 0;
		};
		F000000000000000000000A6 /* Resources */ = {
			isa = PBXResourcesBuildPhase;
			buildActionMask = 2147483647;
			files = (
				A100000000000000000000A5 /* Preview Assets.xcassets in Resources */,
				A100000000000000000000A4 /* Assets.xcassets in Resources */,
			);
			runOnlyForDeploymentPostprocessing = 0;
		};
/* End PBXResourcesBuildPhase section */

/* Begin PBXShellScriptBuildPhase section */
		1044549BD4B89CFFB763E6FC /* Build wireguard-go-bridge */ = {
			isa = PBXShellScriptBuildPhase;
			buildActionMask = 2147483647;
			files = (
			);
			inputFileListPaths = (
			);
			inputPaths = (
			);
			name = "Build wireguard-go-bridge";
			outputFileListPaths = (
			);
			outputPaths = (
			);
			runOnlyForDeploymentPostprocessing = 0;
			shellPath = /bin/sh;
			shellScript = "set -e\n# WireGuardKit itself is a pure Swift wrapper; the actual crypto/data\n# plane is a Go binary shipped as a static lib (libwg-go.a). SwiftPM\n# can't run `go build` for us, so we do it here.\n#\n# Requires `go` on PATH.\nexport PATH=\"/opt/homebrew/bin:/usr/local/bin:/usr/local/go/bin:$PATH\"\nWGGO_DIR=\"${BUILD_DIR%Build/*}SourcePackages/checkouts/wireguard-apple/Sources/WireGuardKitGo\"\nif [ ! -d \"$WGGO_DIR\" ]; then\n  echo \"warning: WireGuardKitGo checkout not found at $WGGO_DIR; skipping\" >&2\n  exit 0\nfi\ncd \"$WGGO_DIR\"\nmake\n";
		};
/* End PBXShellScriptBuildPhase section */

/* Begin PBXSourcesBuildPhase section */
		8F8075FB896D4DBA27849A4A /* Sources */ = {
			isa = PBXSourcesBuildPhase;
			buildActionMask = 2147483647;
			files = (
				66717A4D10A895A12DF40975 /* PacketTunnelProvider.swift in Sources */,
				3A8B61993B1664C4281D131B /* WGQuickParser.swift in Sources */,
			);
			runOnlyForDeploymentPostprocessing = 0;
		};
		F000000000000000000000A5 /* Sources */ = {
			isa = PBXSourcesBuildPhase;
			buildActionMask = 2147483647;
			files = (
				A100000000000000000000A2 /* ContentView.swift in Sources */,
				A100000000000000000000A3 /* WebView.swift in Sources */,
				A100000000000000000000A1 /* ConceptsOSApp.swift in Sources */,
				A100000000000000000000B1 /* AppConfig.swift in Sources */,
				A100000000000000000000B2 /* VMStateStore.swift in Sources */,
				A100000000000000000000B3 /* AuthManager.swift in Sources */,
				A100000000000000000000B4 /* Nonce.swift in Sources */,
				A100000000000000000000B5 /* SessionStorage.swift in Sources */,
				A100000000000000000000B6 /* ConceptsAPI.swift in Sources */,
				A100000000000000000000B7 /* WireGuardKeys.swift in Sources */,
				A100000000000000000000B8 /* WelcomeView.swift in Sources */,
				A100000000000000000000B9 /* ProvisioningView.swift in Sources */,
				A100000000000000000000BB /* WebAppView.swift in Sources */,
				F0078C6789CAB9F7DAB81A7F /* InstallTunnelView.swift in Sources */,
				0585150837E83BBEFF66C6D8 /* TunnelManager.swift in Sources */,
				C72ADEAE5D9A79DBCA5AD1A6 /* WGQuickParser.swift in Sources */,
			);
			runOnlyForDeploymentPostprocessing = 0;
		};
/* End PBXSourcesBuildPhase section */

/* Begin PBXTargetDependency section */
		525ADDF5DDC4B93FD6F4A2B0 /* PBXTargetDependency */ = {
			isa = PBXTargetDependency;
			name = ConceptsOSWGTunnel;
			target = 09FBA522F8C0E52C629E947A /* ConceptsOSWGTunnel */;
			targetProxy = 5C85A366446FC6F77C84EA11 /* PBXContainerItemProxy */;
		};
/* End PBXTargetDependency section */

/* Begin XCBuildConfiguration section */
		EDF45338CAF4F1ED01DAC68D /* Debug */ = {
			isa = XCBuildConfiguration;
			buildSettings = {
				CLANG_ENABLE_OBJC_WEAK = NO;
				CODE_SIGN_ENTITLEMENTS = ConceptsOSWGTunnel/ConceptsOSWGTunnel.entitlements;
				CODE_SIGN_STYLE = Automatic;
				CURRENT_PROJECT_VERSION = 2;
				DEVELOPMENT_TEAM = 2U53525V55;
				ENABLE_BITCODE = NO;
				ENABLE_DEBUG_DYLIB = NO;
				ENABLE_PREVIEWS = NO;
				GENERATE_INFOPLIST_FILE = NO;
				INFOPLIST_FILE = ConceptsOSWGTunnel/Info.plist;
				IPHONEOS_DEPLOYMENT_TARGET = 16.0;
				LIBRARY_SEARCH_PATHS = (
					"$(inherited)",
					"$(BUILD_DIR)/$(CONFIGURATION)$(EFFECTIVE_PLATFORM_NAME)",
				);
				MACH_O_TYPE = mh_execute;
				MARKETING_VERSION = 1.1;
				OTHER_LDFLAGS = "$(inherited)";
				PRODUCT_BUNDLE_IDENTIFIER = ai.humata.ConceptsOS.WGTunnel;
				PRODUCT_NAME = "$(TARGET_NAME)";
				SDKROOT = iphoneos;
				SKIP_INSTALL = YES;
				SWIFT_VERSION = 5.0;
				TARGETED_DEVICE_FAMILY = "1,2";
			};
			name = Debug;
		};
		F000000000000000000000B1 /* Debug */ = {
			isa = XCBuildConfiguration;
			buildSettings = {
				ALWAYS_SEARCH_USER_PATHS = NO;
				CLANG_ANALYZER_NONNULL = YES;
				CLANG_ANALYZER_NUMBER_OBJECT_CONVERSION = YES_AGGRESSIVE;
				CLANG_ENABLE_MODULES = YES;
				CLANG_ENABLE_OBJC_ARC = YES;
				CLANG_ENABLE_OBJC_WEAK = YES;
				COPY_PHASE_STRIP = NO;
				DEBUG_INFORMATION_FORMAT = dwarf;
				ENABLE_STRICT_OBJC_MSGSEND = YES;
				ENABLE_TESTABILITY = YES;
				GCC_C_LANGUAGE_STANDARD = gnu17;
				GCC_DYNAMIC_NO_PIC = NO;
				GCC_NO_COMMON_BLOCKS = YES;
				GCC_OPTIMIZATION_LEVEL = 0;
				GCC_PREPROCESSOR_DEFINITIONS = (
					"DEBUG=1",
					"$(inherited)",
				);
				IPHONEOS_DEPLOYMENT_TARGET = 16.0;
				MTL_ENABLE_DEBUG_INFO = INCLUDE_SOURCE;
				MTL_FAST_MATH = YES;
				ONLY_ACTIVE_ARCH = YES;
				SDKROOT = iphoneos;
				SWIFT_ACTIVE_COMPILATION_CONDITIONS = "DEBUG $(inherited)";
				SWIFT_OPTIMIZATION_LEVEL = "-Onone";
			};
			name = Debug;
		};
		F000000000000000000000B2 /* Release */ = {
			isa = XCBuildConfiguration;
			buildSettings = {
				ALWAYS_SEARCH_USER_PATHS = NO;
				CLANG_ANALYZER_NONNULL = YES;
				CLANG_ANALYZER_NUMBER_OBJECT_CONVERSION = YES_AGGRESSIVE;
				CLANG_ENABLE_MODULES = YES;
				CLANG_ENABLE_OBJC_ARC = YES;
				CLANG_ENABLE_OBJC_WEAK = YES;
				COPY_PHASE_STRIP = NO;
				DEBUG_INFORMATION_FORMAT = "dwarf-with-dsym";
				ENABLE_NS_ASSERTIONS = NO;
				ENABLE_STRICT_OBJC_MSGSEND = YES;
				GCC_C_LANGUAGE_STANDARD = gnu17;
				GCC_NO_COMMON_BLOCKS = YES;
				IPHONEOS_DEPLOYMENT_TARGET = 16.0;
				MTL_ENABLE_DEBUG_INFO = NO;
				MTL_FAST_MATH = YES;
				SDKROOT = iphoneos;
				SWIFT_COMPILATION_MODE = wholemodule;
				SWIFT_OPTIMIZATION_LEVEL = "-O";
				VALIDATE_PRODUCT = YES;
			};
			name = Release;
		};
		F000000000000000000000B3 /* Debug */ = {
			isa = XCBuildConfiguration;
			buildSettings = {
				ASSETCATALOG_COMPILER_APPICON_NAME = AppIcon;
				ASSETCATALOG_COMPILER_GLOBAL_ACCENT_COLOR_NAME = AccentColor;
				CODE_SIGN_ENTITLEMENTS = ConceptsOS/ConceptsOS.entitlements;
				CODE_SIGN_STYLE = Automatic;
				CURRENT_PROJECT_VERSION = 2;
				DEVELOPMENT_ASSET_PATHS = "\"ConceptsOS/Preview Content\"";
				ENABLE_PREVIEWS = YES;
				GENERATE_INFOPLIST_FILE = NO;
				INFOPLIST_FILE = ConceptsOS/Info.plist;
				INFOPLIST_KEY_UIApplicationSceneManifest_Generation = YES;
				INFOPLIST_KEY_UIApplicationSupportsIndirectInputEvents = YES;
				INFOPLIST_KEY_UILaunchScreen_Generation = YES;
				LD_RUNPATH_SEARCH_PATHS = (
					"$(inherited)",
					"@executable_path/Frameworks",
				);
				LIBRARY_SEARCH_PATHS = (
					"$(inherited)",
					"$(BUILD_DIR)/$(CONFIGURATION)$(EFFECTIVE_PLATFORM_NAME)",
				);
				MARKETING_VERSION = 1.1;
				PRODUCT_BUNDLE_IDENTIFIER = ai.humata.ConceptsOS;
				PRODUCT_NAME = "$(TARGET_NAME)";
				SWIFT_EMIT_LOC_STRINGS = YES;
				SWIFT_VERSION = 5.0;
				TARGETED_DEVICE_FAMILY = "1,2";
			};
			name = Debug;
		};
		F000000000000000000000B4 /* Release */ = {
			isa = XCBuildConfiguration;
			buildSettings = {
				ASSETCATALOG_COMPILER_APPICON_NAME = AppIcon;
				ASSETCATALOG_COMPILER_GLOBAL_ACCENT_COLOR_NAME = AccentColor;
				CODE_SIGN_ENTITLEMENTS = ConceptsOS/ConceptsOS.entitlements;
				CODE_SIGN_STYLE = Automatic;
				CURRENT_PROJECT_VERSION = 2;
				DEVELOPMENT_ASSET_PATHS = "\"ConceptsOS/Preview Content\"";
				ENABLE_PREVIEWS = YES;
				GENERATE_INFOPLIST_FILE = NO;
				INFOPLIST_FILE = ConceptsOS/Info.plist;
				INFOPLIST_KEY_UIApplicationSceneManifest_Generation = YES;
				INFOPLIST_KEY_UIApplicationSupportsIndirectInputEvents = YES;
				INFOPLIST_KEY_UILaunchScreen_Generation = YES;
				LD_RUNPATH_SEARCH_PATHS = (
					"$(inherited)",
					"@executable_path/Frameworks",
				);
				LIBRARY_SEARCH_PATHS = (
					"$(inherited)",
					"$(BUILD_DIR)/$(CONFIGURATION)$(EFFECTIVE_PLATFORM_NAME)",
				);
				MARKETING_VERSION = 1.1;
				PRODUCT_BUNDLE_IDENTIFIER = ai.humata.ConceptsOS;
				PRODUCT_NAME = "$(TARGET_NAME)";
				SWIFT_EMIT_LOC_STRINGS = YES;
				SWIFT_VERSION = 5.0;
				TARGETED_DEVICE_FAMILY = "1,2";
			};
			name = Release;
		};
		FCBB626F3EE1EAFC5440A18A /* Release */ = {
			isa = XCBuildConfiguration;
			buildSettings = {
				CLANG_ENABLE_OBJC_WEAK = NO;
				CODE_SIGN_ENTITLEMENTS = ConceptsOSWGTunnel/ConceptsOSWGTunnel.entitlements;
				CODE_SIGN_STYLE = Automatic;
				CURRENT_PROJECT_VERSION = 2;
				DEVELOPMENT_TEAM = 2U53525V55;
				ENABLE_BITCODE = NO;
				ENABLE_DEBUG_DYLIB = NO;
				ENABLE_PREVIEWS = NO;
				GENERATE_INFOPLIST_FILE = NO;
				INFOPLIST_FILE = ConceptsOSWGTunnel/Info.plist;
				IPHONEOS_DEPLOYMENT_TARGET = 16.0;
				LIBRARY_SEARCH_PATHS = (
					"$(inherited)",
					"$(BUILD_DIR)/$(CONFIGURATION)$(EFFECTIVE_PLATFORM_NAME)",
				);
				MACH_O_TYPE = mh_execute;
				MARKETING_VERSION = 1.1;
				OTHER_LDFLAGS = "$(inherited)";
				PRODUCT_BUNDLE_IDENTIFIER = ai.humata.ConceptsOS.WGTunnel;
				PRODUCT_NAME = "$(TARGET_NAME)";
				SDKROOT = iphoneos;
				SKIP_INSTALL = YES;
				SWIFT_VERSION = 5.0;
				TARGETED_DEVICE_FAMILY = "1,2";
				VALIDATE_PRODUCT = YES;
			};
			name = Release;
		};
/* End XCBuildConfiguration section */

/* Begin XCConfigurationList section */
		CA678BBBC9EB15211693B54A /* Build configuration list for PBXNativeTarget "ConceptsOSWGTunnel" */ = {
			isa = XCConfigurationList;
			buildConfigurations = (
				FCBB626F3EE1EAFC5440A18A /* Release */,
				EDF45338CAF4F1ED01DAC68D /* Debug */,
			);
			defaultConfigurationIsVisible = 0;
			defaultConfigurationName = Release;
		};
		F000000000000000000000A1 /* Build configuration list for PBXProject "ConceptsOS" */ = {
			isa = XCConfigurationList;
			buildConfigurations = (
				F000000000000000000000B1 /* Debug */,
				F000000000000000000000B2 /* Release */,
			);
			defaultConfigurationIsVisible = 0;
			defaultConfigurationName = Release;
		};
		F000000000000000000000A2 /* Build configuration list for PBXNativeTarget "ConceptsOS" */ = {
			isa = XCConfigurationList;
			buildConfigurations = (
				F000000000000000000000B3 /* Debug */,
				F000000000000000000000B4 /* Release */,
			);
			defaultConfigurationIsVisible = 0;
			defaultConfigurationName = Release;
		};
/* End XCConfigurationList section */

/* Begin XCRemoteSwiftPackageReference section */
		E78F8EF50CB1F5D3E114A912 /* XCRemoteSwiftPackageReference "wireguard-apple" */ = {
			isa = XCRemoteSwiftPackageReference;
			repositoryURL = "https://github.com/Humata-ai/wireguard-apple";
			requirement = {
				kind = revision;
				revision = efdf8e0e4084e0b1a0c05155bcb125ed24f190a3;
			};
		};
/* End XCRemoteSwiftPackageReference section */

/* Begin XCSwiftPackageProductDependency section */
		631DA886C8AAAF34B6195A8F /* WireGuardKit */ = {
			isa = XCSwiftPackageProductDependency;
			package = E78F8EF50CB1F5D3E114A912 /* XCRemoteSwiftPackageReference "wireguard-apple" */;
			productName = WireGuardKit;
		};
		EEEC78E0FAFF0B201A578372 /* WireGuardKit */ = {
			isa = XCSwiftPackageProductDependency;
			package = E78F8EF50CB1F5D3E114A912 /* XCRemoteSwiftPackageReference "wireguard-apple" */;
			productName = WireGuardKit;
		};
/* End XCSwiftPackageProductDependency section */
	};
	rootObject = E100000000000000000000A0 /* Project object */;
}
