// !$*UTF8*$!
{
	archiveVersion = 1;
	classes = {
	};
	objectVersion = 56;
	objects = {

/* Begin PBXBuildFile section */
		A100000000000000000000A1 /* ConceptsOSApp.swift in Sources */ = {isa = PBXBuildFile; fileRef = B100000000000000000000A1 /* ConceptsOSApp.swift */; };
		A100000000000000000000A2 /* ContentView.swift in Sources */ = {isa = PBXBuildFile; fileRef = B100000000000000000000A2 /* ContentView.swift */; };
		A100000000000000000000A3 /* WebView.swift in Sources */ = {isa = PBXBuildFile; fileRef = B100000000000000000000A3 /* WebView.swift */; };
		A100000000000000000000A4 /* Assets.xcassets in Resources */ = {isa = PBXBuildFile; fileRef = B100000000000000000000A4 /* Assets.xcassets */; };
		A100000000000000000000A5 /* Preview Assets.xcassets in Resources */ = {isa = PBXBuildFile; fileRef = B100000000000000000000A5 /* Preview Assets.xcassets */; };
		A100000000000000000000B1 /* AppConfig.swift in Sources */ = {isa = PBXBuildFile; fileRef = B100000000000000000000B1 /* AppConfig.swift */; };
		A100000000000000000000B2 /* VMStateStore.swift in Sources */ = {isa = PBXBuildFile; fileRef = B100000000000000000000B2 /* VMStateStore.swift */; };
		A100000000000000000000B3 /* AuthManager.swift in Sources */ = {isa = PBXBuildFile; fileRef = B100000000000000000000B3 /* AuthManager.swift */; };
		A100000000000000000000B4 /* Nonce.swift in Sources */ = {isa = PBXBuildFile; fileRef = B100000000000000000000B4 /* Nonce.swift */; };
		A100000000000000000000B5 /* SessionStorage.swift in Sources */ = {isa = PBXBuildFile; fileRef = B100000000000000000000B5 /* SessionStorage.swift */; };
		A100000000000000000000B6 /* ConceptsAPI.swift in Sources */ = {isa = PBXBuildFile; fileRef = B100000000000000000000B6 /* ConceptsAPI.swift */; };
		A100000000000000000000B7 /* WireGuardKeys.swift in Sources */ = {isa = PBXBuildFile; fileRef = B100000000000000000000B7 /* WireGuardKeys.swift */; };
		A100000000000000000000B8 /* WelcomeView.swift in Sources */ = {isa = PBXBuildFile; fileRef = B100000000000000000000B8 /* WelcomeView.swift */; };
		A100000000000000000000B9 /* ProvisioningView.swift in Sources */ = {isa = PBXBuildFile; fileRef = B100000000000000000000B9 /* ProvisioningView.swift */; };
		A100000000000000000000BA /* SetupTunnelView.swift in Sources */ = {isa = PBXBuildFile; fileRef = B100000000000000000000BA /* SetupTunnelView.swift */; };
		A100000000000000000000BB /* WebAppView.swift in Sources */ = {isa = PBXBuildFile; fileRef = B100000000000000000000BB /* WebAppView.swift */; };
/* End PBXBuildFile section */

/* Begin PBXFileReference section */
		B000000000000000000000A0 /* ConceptsOS.app */ = {isa = PBXFileReference; explicitFileType = wrapper.application; includeInIndex = 0; path = ConceptsOS.app; sourceTree = BUILT_PRODUCTS_DIR; };
		B100000000000000000000A1 /* ConceptsOSApp.swift */ = {isa = PBXFileReference; lastKnownFileType = sourcecode.swift; path = ConceptsOSApp.swift; sourceTree = "<group>"; };
		B100000000000000000000A2 /* ContentView.swift */ = {isa = PBXFileReference; lastKnownFileType = sourcecode.swift; path = ContentView.swift; sourceTree = "<group>"; };
		B100000000000000000000A3 /* WebView.swift */ = {isa = PBXFileReference; lastKnownFileType = sourcecode.swift; path = WebView.swift; sourceTree = "<group>"; };
		B100000000000000000000A4 /* Assets.xcassets */ = {isa = PBXFileReference; lastKnownFileType = folder.assetcatalog; path = Assets.xcassets; sourceTree = "<group>"; };
		B100000000000000000000A5 /* Preview Assets.xcassets */ = {isa = PBXFileReference; lastKnownFileType = folder.assetcatalog; path = "Preview Assets.xcassets"; sourceTree = "<group>"; };
		B100000000000000000000A6 /* Info.plist */ = {isa = PBXFileReference; lastKnownFileType = text.plist.xml; path = Info.plist; sourceTree = "<group>"; };
		B100000000000000000000A7 /* ConceptsOS.entitlements */ = {isa = PBXFileReference; lastKnownFileType = text.plist.entitlements; path = ConceptsOS.entitlements; sourceTree = "<group>"; };
		B100000000000000000000B1 /* AppConfig.swift */ = {isa = PBXFileReference; lastKnownFileType = sourcecode.swift; path = AppConfig.swift; sourceTree = "<group>"; };
		B100000000000000000000B2 /* VMStateStore.swift */ = {isa = PBXFileReference; lastKnownFileType = sourcecode.swift; path = VMStateStore.swift; sourceTree = "<group>"; };
		B100000000000000000000B3 /* AuthManager.swift */ = {isa = PBXFileReference; lastKnownFileType = sourcecode.swift; path = AuthManager.swift; sourceTree = "<group>"; };
		B100000000000000000000B4 /* Nonce.swift */ = {isa = PBXFileReference; lastKnownFileType = sourcecode.swift; path = Nonce.swift; sourceTree = "<group>"; };
		B100000000000000000000B5 /* SessionStorage.swift */ = {isa = PBXFileReference; lastKnownFileType = sourcecode.swift; path = SessionStorage.swift; sourceTree = "<group>"; };
		B100000000000000000000B6 /* ConceptsAPI.swift */ = {isa = PBXFileReference; lastKnownFileType = sourcecode.swift; path = ConceptsAPI.swift; sourceTree = "<group>"; };
		B100000000000000000000B7 /* WireGuardKeys.swift */ = {isa = PBXFileReference; lastKnownFileType = sourcecode.swift; path = WireGuardKeys.swift; sourceTree = "<group>"; };
		B100000000000000000000B8 /* WelcomeView.swift */ = {isa = PBXFileReference; lastKnownFileType = sourcecode.swift; path = WelcomeView.swift; sourceTree = "<group>"; };
		B100000000000000000000B9 /* ProvisioningView.swift */ = {isa = PBXFileReference; lastKnownFileType = sourcecode.swift; path = ProvisioningView.swift; sourceTree = "<group>"; };
		B100000000000000000000BA /* SetupTunnelView.swift */ = {isa = PBXFileReference; lastKnownFileType = sourcecode.swift; path = SetupTunnelView.swift; sourceTree = "<group>"; };
		B100000000000000000000BB /* WebAppView.swift */ = {isa = PBXFileReference; lastKnownFileType = sourcecode.swift; path = WebAppView.swift; sourceTree = "<group>"; };
/* End PBXFileReference section */

/* Begin PBXFrameworksBuildPhase section */
		C000000000000000000000A0 /* Frameworks */ = {
			isa = PBXFrameworksBuildPhase;
			buildActionMask = 2147483647;
			files = (
			);
			runOnlyForDeploymentPostprocessing = 0;
		};
/* End PBXFrameworksBuildPhase section */

/* Begin PBXGroup section */
		D000000000000000000000A0 /* ConceptsOS */ = {
			isa = PBXGroup;
			children = (
				D000000000000000000000A1 /* ConceptsOS */,
				D000000000000000000000A2 /* Products */,
			);
			sourceTree = "<group>";
		};
		D000000000000000000000A1 /* ConceptsOS */ = {
			isa = PBXGroup;
			children = (
				B100000000000000000000A1 /* ConceptsOSApp.swift */,
				B100000000000000000000A2 /* ContentView.swift */,
				B100000000000000000000A3 /* WebView.swift */,
				B100000000000000000000B1 /* AppConfig.swift */,
				B100000000000000000000B2 /* VMStateStore.swift */,
				D000000000000000000000B0 /* Auth */,
				D000000000000000000000B1 /* API */,
				D000000000000000000000B2 /* WireGuard */,
				D000000000000000000000B3 /* Views */,
				B100000000000000000000A4 /* Assets.xcassets */,
				B100000000000000000000A6 /* Info.plist */,
				B100000000000000000000A7 /* ConceptsOS.entitlements */,
				D000000000000000000000A3 /* Preview Content */,
			);
			path = ConceptsOS;
			sourceTree = "<group>";
		};
		D000000000000000000000A2 /* Products */ = {
			isa = PBXGroup;
			children = (
				B000000000000000000000A0 /* ConceptsOS.app */,
			);
			name = Products;
			sourceTree = "<group>";
		};
		D000000000000000000000A3 /* Preview Content */ = {
			isa = PBXGroup;
			children = (
				B100000000000000000000A5 /* Preview Assets.xcassets */,
			);
			path = "Preview Content";
			sourceTree = "<group>";
		};
		D000000000000000000000B0 /* Auth */ = {
			isa = PBXGroup;
			children = (
				B100000000000000000000B3 /* AuthManager.swift */,
				B100000000000000000000B4 /* Nonce.swift */,
				B100000000000000000000B5 /* SessionStorage.swift */,
			);
			path = Auth;
			sourceTree = "<group>";
		};
		D000000000000000000000B1 /* API */ = {
			isa = PBXGroup;
			children = (
				B100000000000000000000B6 /* ConceptsAPI.swift */,
			);
			path = API;
			sourceTree = "<group>";
		};
		D000000000000000000000B2 /* WireGuard */ = {
			isa = PBXGroup;
			children = (
				B100000000000000000000B7 /* WireGuardKeys.swift */,
			);
			path = WireGuard;
			sourceTree = "<group>";
		};
		D000000000000000000000B3 /* Views */ = {
			isa = PBXGroup;
			children = (
				B100000000000000000000B8 /* WelcomeView.swift */,
				B100000000000000000000B9 /* ProvisioningView.swift */,
				B100000000000000000000BA /* SetupTunnelView.swift */,
				B100000000000000000000BB /* WebAppView.swift */,
			);
			path = Views;
			sourceTree = "<group>";
		};
/* End PBXGroup section */

/* Begin PBXNativeTarget section */
		E000000000000000000000A0 /* ConceptsOS */ = {
			isa = PBXNativeTarget;
			buildConfigurationList = F000000000000000000000A2 /* Build configuration list for PBXNativeTarget "ConceptsOS" */;
			buildPhases = (
				F000000000000000000000A5 /* Sources */,
				C000000000000000000000A0 /* Frameworks */,
				F000000000000000000000A6 /* Resources */,
			);
			buildRules = (
			);
			dependencies = (
			);
			name = ConceptsOS;
			productName = ConceptsOS;
			productReference = B000000000000000000000A0 /* ConceptsOS.app */;
			productType = "com.apple.product-type.application";
		};
/* End PBXNativeTarget section */

/* Begin PBXProject section */
		E100000000000000000000A0 /* Project object */ = {
			isa = PBXProject;
			attributes = {
				BuildIndependentTargetsInParallel = 1;
				LastSwiftUpdateCheck = 1500;
				LastUpgradeCheck = 1500;
				TargetAttributes = {
					E000000000000000000000A0 = {
						CreatedOnToolsVersion = 15.0;
					};
				};
			};
			buildConfigurationList = F000000000000000000000A1 /* Build configuration list for PBXProject "ConceptsOS" */;
			compatibilityVersion = "Xcode 14.0";
			developmentRegion = en;
			hasScannedForEncodings = 0;
			knownRegions = (
				en,
				Base,
			);
			mainGroup = D000000000000000000000A0;
			productRefGroup = D000000000000000000000A2 /* Products */;
			projectDirPath = "";
			projectRoot = "";
			targets = (
				E000000000000000000000A0 /* ConceptsOS */,
			);
		};
/* End PBXProject section */

/* Begin PBXResourcesBuildPhase section */
		F000000000000000000000A6 /* Resources */ = {
			isa = PBXResourcesBuildPhase;
			buildActionMask = 2147483647;
			files = (
				A100000000000000000000A5 /* Preview Assets.xcassets in Resources */,
				A100000000000000000000A4 /* Assets.xcassets in Resources */,
			);
			runOnlyForDeploymentPostprocessing = 0;
		};
/* End PBXResourcesBuildPhase section */

/* Begin PBXSourcesBuildPhase section */
		F000000000000000000000A5 /* Sources */ = {
			isa = PBXSourcesBuildPhase;
			buildActionMask = 2147483647;
			files = (
				A100000000000000000000A2 /* ContentView.swift in Sources */,
				A100000000000000000000A3 /* WebView.swift in Sources */,
				A100000000000000000000A1 /* ConceptsOSApp.swift in Sources */,
				A100000000000000000000B1 /* AppConfig.swift in Sources */,
				A100000000000000000000B2 /* VMStateStore.swift in Sources */,
				A100000000000000000000B3 /* AuthManager.swift in Sources */,
				A100000000000000000000B4 /* Nonce.swift in Sources */,
				A100000000000000000000B5 /* SessionStorage.swift in Sources */,
				A100000000000000000000B6 /* ConceptsAPI.swift in Sources */,
				A100000000000000000000B7 /* WireGuardKeys.swift in Sources */,
				A100000000000000000000B8 /* WelcomeView.swift in Sources */,
				A100000000000000000000B9 /* ProvisioningView.swift in Sources */,
				A100000000000000000000BA /* SetupTunnelView.swift in Sources */,
				A100000000000000000000BB /* WebAppView.swift in Sources */,
			);
			runOnlyForDeploymentPostprocessing = 0;
		};
/* End PBXSourcesBuildPhase section */

/* Begin XCBuildConfiguration section */
		F000000000000000000000B1 /* Debug */ = {
			isa = XCBuildConfiguration;
			buildSettings = {
				ALWAYS_SEARCH_USER_PATHS = NO;
				CLANG_ANALYZER_NONNULL = YES;
				CLANG_ANALYZER_NUMBER_OBJECT_CONVERSION = YES_AGGRESSIVE;
				CLANG_ENABLE_MODULES = YES;
				CLANG_ENABLE_OBJC_ARC = YES;
				CLANG_ENABLE_OBJC_WEAK = YES;
				COPY_PHASE_STRIP = NO;
				DEBUG_INFORMATION_FORMAT = dwarf;
				ENABLE_STRICT_OBJC_MSGSEND = YES;
				ENABLE_TESTABILITY = YES;
				GCC_C_LANGUAGE_STANDARD = gnu17;
				GCC_DYNAMIC_NO_PIC = NO;
				GCC_NO_COMMON_BLOCKS = YES;
				GCC_OPTIMIZATION_LEVEL = 0;
				GCC_PREPROCESSOR_DEFINITIONS = (
					"DEBUG=1",
					"$(inherited)",
				);
				IPHONEOS_DEPLOYMENT_TARGET = 16.0;
				MTL_ENABLE_DEBUG_INFO = INCLUDE_SOURCE;
				MTL_FAST_MATH = YES;
				ONLY_ACTIVE_ARCH = YES;
				SDKROOT = iphoneos;
				SWIFT_ACTIVE_COMPILATION_CONDITIONS = "DEBUG $(inherited)";
				SWIFT_OPTIMIZATION_LEVEL = "-Onone";
			};
			name = Debug;
		};
		F000000000000000000000B2 /* Release */ = {
			isa = XCBuildConfiguration;
			buildSettings = {
				ALWAYS_SEARCH_USER_PATHS = NO;
				CLANG_ANALYZER_NONNULL = YES;
				CLANG_ANALYZER_NUMBER_OBJECT_CONVERSION = YES_AGGRESSIVE;
				CLANG_ENABLE_MODULES = YES;
				CLANG_ENABLE_OBJC_ARC = YES;
				CLANG_ENABLE_OBJC_WEAK = YES;
				COPY_PHASE_STRIP = NO;
				DEBUG_INFORMATION_FORMAT = "dwarf-with-dsym";
				ENABLE_NS_ASSERTIONS = NO;
				ENABLE_STRICT_OBJC_MSGSEND = YES;
				GCC_C_LANGUAGE_STANDARD = gnu17;
				GCC_NO_COMMON_BLOCKS = YES;
				IPHONEOS_DEPLOYMENT_TARGET = 16.0;
				MTL_ENABLE_DEBUG_INFO = NO;
				MTL_FAST_MATH = YES;
				SDKROOT = iphoneos;
				SWIFT_COMPILATION_MODE = wholemodule;
				SWIFT_OPTIMIZATION_LEVEL = "-O";
				VALIDATE_PRODUCT = YES;
			};
			name = Release;
		};
		F000000000000000000000B3 /* Debug */ = {
			isa = XCBuildConfiguration;
			buildSettings = {
				ASSETCATALOG_COMPILER_APPICON_NAME = AppIcon;
				ASSETCATALOG_COMPILER_GLOBAL_ACCENT_COLOR_NAME = AccentColor;
				CODE_SIGN_ENTITLEMENTS = ConceptsOS/ConceptsOS.entitlements;
				CODE_SIGN_STYLE = Automatic;
				CURRENT_PROJECT_VERSION = 2;
				DEVELOPMENT_ASSET_PATHS = "\"ConceptsOS/Preview Content\"";
				ENABLE_PREVIEWS = YES;
				GENERATE_INFOPLIST_FILE = NO;
				INFOPLIST_FILE = ConceptsOS/Info.plist;
				INFOPLIST_KEY_UIApplicationSceneManifest_Generation = YES;
				INFOPLIST_KEY_UIApplicationSupportsIndirectInputEvents = YES;
				INFOPLIST_KEY_UILaunchScreen_Generation = YES;
				LD_RUNPATH_SEARCH_PATHS = (
					"$(inherited)",
					"@executable_path/Frameworks",
				);
				MARKETING_VERSION = 1.1;
				PRODUCT_BUNDLE_IDENTIFIER = ai.humata.ConceptsOS;
				PRODUCT_NAME = "$(TARGET_NAME)";
				SWIFT_EMIT_LOC_STRINGS = YES;
				SWIFT_VERSION = 5.0;
				TARGETED_DEVICE_FAMILY = "1,2";
			};
			name = Debug;
		};
		F000000000000000000000B4 /* Release */ = {
			isa = XCBuildConfiguration;
			buildSettings = {
				ASSETCATALOG_COMPILER_APPICON_NAME = AppIcon;
				ASSETCATALOG_COMPILER_GLOBAL_ACCENT_COLOR_NAME = AccentColor;
				CODE_SIGN_ENTITLEMENTS = ConceptsOS/ConceptsOS.entitlements;
				CODE_SIGN_STYLE = Automatic;
				CURRENT_PROJECT_VERSION = 2;
				DEVELOPMENT_ASSET_PATHS = "\"ConceptsOS/Preview Content\"";
				ENABLE_PREVIEWS = YES;
				GENERATE_INFOPLIST_FILE = NO;
				INFOPLIST_FILE = ConceptsOS/Info.plist;
				INFOPLIST_KEY_UIApplicationSceneManifest_Generation = YES;
				INFOPLIST_KEY_UIApplicationSupportsIndirectInputEvents = YES;
				INFOPLIST_KEY_UILaunchScreen_Generation = YES;
				LD_RUNPATH_SEARCH_PATHS = (
					"$(inherited)",
					"@executable_path/Frameworks",
				);
				MARKETING_VERSION = 1.1;
				PRODUCT_BUNDLE_IDENTIFIER = ai.humata.ConceptsOS;
				PRODUCT_NAME = "$(TARGET_NAME)";
				SWIFT_EMIT_LOC_STRINGS = YES;
				SWIFT_VERSION = 5.0;
				TARGETED_DEVICE_FAMILY = "1,2";
			};
			name = Release;
		};
/* End XCBuildConfiguration section */

/* Begin XCConfigurationList section */
		F000000000000000000000A1 /* Build configuration list for PBXProject "ConceptsOS" */ = {
			isa = XCConfigurationList;
			buildConfigurations = (
				F000000000000000000000B1 /* Debug */,
				F000000000000000000000B2 /* Release */,
			);
			defaultConfigurationIsVisible = 0;
			defaultConfigurationName = Release;
		};
		F000000000000000000000A2 /* Build configuration list for PBXNativeTarget "ConceptsOS" */ = {
			isa = XCConfigurationList;
			buildConfigurations = (
				F000000000000000000000B3 /* Debug */,
				F000000000000000000000B4 /* Release */,
			);
			defaultConfigurationIsVisible = 0;
			defaultConfigurationName = Release;
		};
/* End XCConfigurationList section */
	};
	rootObject = E100000000000000000000A0 /* Project object */;
}
